
Microsoft Visual Studio Solution File, Format Version 12.00
# Visual Studio Version 17
VisualStudioVersion = 17.2.32519.379
MinimumVisualStudioVersion = 10.0.40219.1
Project("{9A19103F-16F7-4668-BE54-9A1E7A4F7556}") = "M001", "M001\M001.csproj", "{F187FFAD-58E5-441E-B323-91DDA6EBF7BB}"
EndProject
Project("{9A19103F-16F7-4668-BE54-9A1E7A4F7556}") = "M002", "M002\M002.csproj", "{6ACFA643-3BFA-46BC-A0AA-227E261ADEAD}"
EndProject
Project("{9A19103F-16F7-4668-BE54-9A1E7A4F7556}") = "M003", "M003\M003.csproj", "{BCF21C45-2C6B-4B61-A0EC-E2F7F3C3A10A}"
EndProject
Project("{9A19103F-16F7-4668-BE54-9A1E7A4F7556}") = "M004", "M004\M004.csproj", "{C43B380C-EA50-4FC3-80BF-50B143F9B3C9}"
EndProject
Project("{9A19103F-16F7-4668-BE54-9A1E7A4F7556}") = "M005", "M005\M005.csproj", "{3B97A849-C6A7-4D26-A719-252CCD359073}"
EndProject
Project("{9A19103F-16F7-4668-BE54-9A1E7A4F7556}") = "M006", "M006\M006.csproj", "{1CE0625C-B47E-4AFD-A4D0-0B854083D414}"
EndProject
Project("{9A19103F-16F7-4668-BE54-9A1E7A4F7556}") = "M007", "M007\M007.csproj", "{8BD1D76B-A835-4A69-A50B-6C4F3E225FA2}"
EndProject
Project("{9A19103F-16F7-4668-BE54-9A1E7A4F7556}") = "M008", "M008\M008.csproj", "{D6237859-A486-47AB-98AC-A9202C7B0A06}"
EndProject
Project("{9A19103F-16F7-4668-BE54-9A1E7A4F7556}") = "M009", "M009\M009.csproj", "{0FEDDD4F-AD9D-47E7-A7F8-C60D74795FF8}"
EndProject
Project("{9A19103F-16F7-4668-BE54-9A1E7A4F7556}") = "M010", "M010\M010.csproj", "{C4881432-3778-44EC-AAEE-188CB9465BEB}"
EndProject
Project("{FAE04EC0-301F-11D3-BF4B-00C04F79EFBC}") = "M011", "M011\M011.csproj", "{49E5231A-99ED-4304-9BF2-A7AE1DE5D6F4}"
EndProject
Global
	GlobalSection(SolutionConfigurationPlatforms) = preSolution
		Debug|Any CPU = Debug|Any CPU
		Release|Any CPU = Release|Any CPU
	EndGlobalSection
	GlobalSection(ProjectConfigurationPlatforms) = postSolution
		{F187FFAD-58E5-441E-B323-91DDA6EBF7BB}.Debug|Any CPU.ActiveCfg = Debug|Any CPU
		{F187FFAD-58E5-441E-B323-91DDA6EBF7BB}.Debug|Any CPU.Build.0 = Debug|Any CPU
		{F187FFAD-58E5-441E-B323-91DDA6EBF7BB}.Release|Any CPU.ActiveCfg = Release|Any CPU
		{F187FFAD-58E5-441E-B323-91DDA6EBF7BB}.Release|Any CPU.Build.0 = Release|Any CPU
		{6ACFA643-3BFA-46BC-A0AA-227E261ADEAD}.Debug|Any CPU.ActiveCfg = Debug|Any CPU
		{6ACFA643-3BFA-46BC-A0AA-227E261ADEAD}.Debug|Any CPU.Build.0 = Debug|Any CPU
		{6ACFA643-3BFA-46BC-A0AA-227E261ADEAD}.Release|Any CPU.ActiveCfg = Release|Any CPU
		{6ACFA643-3BFA-46BC-A0AA-227E261ADEAD}.Release|Any CPU.Build.0 = Release|Any CPU
		{BCF21C45-2C6B-4B61-A0EC-E2F7F3C3A10A}.Debug|Any CPU.ActiveCfg = Debug|Any CPU
		{BCF21C45-2C6B-4B61-A0EC-E2F7F3C3A10A}.Debug|Any CPU.Build.0 = Debug|Any CPU
		{BCF21C45-2C6B-4B61-A0EC-E2F7F3C3A10A}.Release|Any CPU.ActiveCfg = Release|Any CPU
		{BCF21C45-2C6B-4B61-A0EC-E2F7F3C3A10A}.Release|Any CPU.Build.0 = Release|Any CPU
		{C43B380C-EA50-4FC3-80BF-50B143F9B3C9}.Debug|Any CPU.ActiveCfg = Debug|Any CPU
		{C43B380C-EA50-4FC3-80BF-50B143F9B3C9}.Debug|Any CPU.Build.0 = Debug|Any CPU
		{C43B380C-EA50-4FC3-80BF-50B143F9B3C9}.Release|Any CPU.ActiveCfg = Release|Any CPU
		{C43B380C-EA50-4FC3-80BF-50B143F9B3C9}.Release|Any CPU.Build.0 = Release|Any CPU
		{3B97A849-C6A7-4D26-A719-252CCD359073}.Debug|Any CPU.ActiveCfg = Debug|Any CPU
		{3B97A849-C6A7-4D26-A719-252CCD359073}.Debug|Any CPU.Build.0 = Debug|Any CPU
		{3B97A849-C6A7-4D26-A719-252CCD359073}.Release|Any CPU.ActiveCfg = Release|Any CPU
		{3B97A849-C6A7-4D26-A719-252CCD359073}.Release|Any CPU.Build.0 = Release|Any CPU
		{1CE0625C-B47E-4AFD-A4D0-0B854083D414}.Debug|Any CPU.ActiveCfg = Debug|Any CPU
		{1CE0625C-B47E-4AFD-A4D0-0B854083D414}.Debug|Any CPU.Build.0 = Debug|Any CPU
		{1CE0625C-B47E-4AFD-A4D0-0B854083D414}.Release|Any CPU.ActiveCfg = Release|Any CPU
		{1CE0625C-B47E-4AFD-A4D0-0B854083D414}.Release|Any CPU.Build.0 = Release|Any CPU
		{8BD1D76B-A835-4A69-A50B-6C4F3E225FA2}.Debug|Any CPU.ActiveCfg = Debug|Any CPU
		{8BD1D76B-A835-4A69-A50B-6C4F3E225FA2}.Debug|Any CPU.Build.0 = Debug|Any CPU
		{8BD1D76B-A835-4A69-A50B-6C4F3E225FA2}.Release|Any CPU.ActiveCfg = Release|Any CPU
		{8BD1D76B-A835-4A69-A50B-6C4F3E225FA2}.Release|Any CPU.Build.0 = Release|Any CPU
		{D6237859-A486-47AB-98AC-A9202C7B0A06}.Debug|Any CPU.ActiveCfg = Debug|Any CPU
		{D6237859-A486-47AB-98AC-A9202C7B0A06}.Debug|Any CPU.Build.0 = Debug|Any CPU
		{D6237859-A486-47AB-98AC-A9202C7B0A06}.Release|Any CPU.ActiveCfg = Release|Any CPU
		{D6237859-A486-47AB-98AC-A9202C7B0A06}.Release|Any CPU.Build.0 = Release|Any CPU
		{0FEDDD4F-AD9D-47E7-A7F8-C60D74795FF8}.Debug|Any CPU.ActiveCfg = Debug|Any CPU
		{0FEDDD4F-AD9D-47E7-A7F8-C60D74795FF8}.Debug|Any CPU.Build.0 = Debug|Any CPU
		{0FEDDD4F-AD9D-47E7-A7F8-C60D74795FF8}.Release|Any CPU.ActiveCfg = Release|Any CPU
		{0FEDDD4F-AD9D-47E7-A7F8-C60D74795FF8}.Release|Any CPU.Build.0 = Release|Any CPU
		{C4881432-3778-44EC-AAEE-188CB9465BEB}.Debug|Any CPU.ActiveCfg = Debug|Any CPU
		{C4881432-3778-44EC-AAEE-188CB9465BEB}.Debug|Any CPU.Build.0 = Debug|Any CPU
		{C4881432-3778-44EC-AAEE-188CB9465BEB}.Release|Any CPU.ActiveCfg = Release|Any CPU
		{C4881432-3778-44EC-AAEE-188CB9465BEB}.Release|Any CPU.Build.0 = Release|Any CPU
		{49E5231A-99ED-4304-9BF2-A7AE1DE5D6F4}.Debug|Any CPU.ActiveCfg = Debug|Any CPU
		{49E5231A-99ED-4304-9BF2-A7AE1DE5D6F4}.Debug|Any CPU.Build.0 = Debug|Any CPU
		{49E5231A-99ED-4304-9BF2-A7AE1DE5D6F4}.Release|Any CPU.ActiveCfg = Release|Any CPU
		{49E5231A-99ED-4304-9BF2-A7AE1DE5D6F4}.Release|Any CPU.Build.0 = Release|Any CPU
	EndGlobalSection
	GlobalSection(SolutionProperties) = preSolution
		HideSolutionNode = FALSE
	EndGlobalSection
	GlobalSection(ExtensibilityGlobals) = postSolution
		SolutionGuid = {93DD5C66-CE06-4B76-87E6-1D12F92BB08B}
	EndGlobalSection
EndGlobal
